
Microsoft Visual Studio Solution File, Format Version 12.00
# Visual Studio Version 16
VisualStudioVersion = 16.0.29728.190
MinimumVisualStudioVersion = 10.0.40219.1
Project("{FAE04EC0-301F-11D3-BF4B-00C04F79EFBC}") = "OrderProcessing", "OrderProcessing.csproj", "{EC6770DF-79D5-42B2-A506-6AAD9FEE9ECE}"
EndProject
Global
	GlobalSection(SolutionConfigurationPlatforms) = preSolution
		Debug|Any CPU = Debug|Any CPU
		Release|Any CPU = Release|Any CPU
	EndGlobalSection
	GlobalSection(ProjectConfigurationPlatforms) = postSolution
		{EC6770DF-79D5-42B2-A506-6AAD9FEE9ECE}.Debug|Any CPU.ActiveCfg = Debug|Any CPU
		{EC6770DF-79D5-42B2-A506-6AAD9FEE9ECE}.Debug|Any CPU.Build.0 = Debug|Any CPU
		{EC6770DF-79D5-42B2-A506-6AAD9FEE9ECE}.Release|Any CPU.ActiveCfg = Release|Any CPU
		{EC6770DF-79D5-42B2-A506-6AAD9FEE9ECE}.Release|Any CPU.Build.0 = Release|Any CPU
	EndGlobalSection
	GlobalSection(SolutionProperties) = preSolution
		HideSolutionNode = FALSE
	EndGlobalSection
	GlobalSection(ExtensibilityGlobals) = postSolution
		SolutionGuid = {4C62E438-7D3E-4AE1-9DE3-83093B29CDC3}
	EndGlobalSection
EndGlobal
